// !$*UTF8*$!
{
	archiveVersion = 1;
	classes = {
	};
	objectVersion = 55;
	objects = {

/* Begin PBXBuildFile section */
		9D0E6F64287FC71400D5275E /* StockIndexDailyApp.swift in Sources */ = {isa = PBXBuildFile; fileRef = 9D0E6F63287FC71400D5275E /* StockIndexDailyApp.swift */; };
		9D0E6F66287FC71400D5275E /* ContentView.swift in Sources */ = {isa = PBXBuildFile; fileRef = 9D0E6F65287FC71400D5275E /* ContentView.swift */; };
		9D0E6F68287FC71600D5275E /* Assets.xcassets in Resources */ = {isa = PBXBuildFile; fileRef = 9D0E6F67287FC71600D5275E /* Assets.xcassets */; };
		9D0E6F6B287FC71600D5275E /* Preview Assets.xcassets in Resources */ = {isa = PBXBuildFile; fileRef = 9D0E6F6A287FC71600D5275E /* Preview Assets.xcassets */; };
		9D0E6F72287FCEA100D5275E /* CircleImage.swift in Sources */ = {isa = PBXBuildFile; fileRef = 9D0E6F71287FCEA100D5275E /* CircleImage.swift */; };
		9D0E6F742880A72B00D5275E /* MapView.swift in Sources */ = {isa = PBXBuildFile; fileRef = 9D0E6F732880A72B00D5275E /* MapView.swift */; };
		9D0E6F762880AF9600D5275E /* landmarkData.json in Resources */ = {isa = PBXBuildFile; fileRef = 9D0E6F752880AF9600D5275E /* landmarkData.json */; };
		9D0E6F782880B02A00D5275E /* Landmark.swift in Sources */ = {isa = PBXBuildFile; fileRef = 9D0E6F772880B02A00D5275E /* Landmark.swift */; };
		9D0E6F7A2880B3E400D5275E /* ModelData.swift in Sources */ = {isa = PBXBuildFile; fileRef = 9D0E6F792880B3E400D5275E /* ModelData.swift */; };
		9D0E6F812881012500D5275E /* LandmarkRow.swift in Sources */ = {isa = PBXBuildFile; fileRef = 9D0E6F802881012500D5275E /* LandmarkRow.swift */; };
		9DB13F0C28810E7F00166906 /* LandmarkList.swift in Sources */ = {isa = PBXBuildFile; fileRef = 9DB13F0B28810E7F00166906 /* LandmarkList.swift */; };
		9DB13F0E28811ADF00166906 /* LandmarkDetail.swift in Sources */ = {isa = PBXBuildFile; fileRef = 9DB13F0D28811ADF00166906 /* LandmarkDetail.swift */; };
/* End PBXBuildFile section */

/* Begin PBXFileReference section */
		9D0E6F60287FC71400D5275E /* StockIndexDaily.app */ = {isa = PBXFileReference; explicitFileType = wrapper.application; includeInIndex = 0; path = StockIndexDaily.app; sourceTree = BUILT_PRODUCTS_DIR; };
		9D0E6F63287FC71400D5275E /* StockIndexDailyApp.swift */ = {isa = PBXFileReference; lastKnownFileType = sourcecode.swift; path = StockIndexDailyApp.swift; sourceTree = "<group>"; };
		9D0E6F65287FC71400D5275E /* ContentView.swift */ = {isa = PBXFileReference; lastKnownFileType = sourcecode.swift; path = ContentView.swift; sourceTree = "<group>"; };
		9D0E6F67287FC71600D5275E /* Assets.xcassets */ = {isa = PBXFileReference; lastKnownFileType = folder.assetcatalog; path = Assets.xcassets; sourceTree = "<group>"; };
		9D0E6F6A287FC71600D5275E /* Preview Assets.xcassets */ = {isa = PBXFileReference; lastKnownFileType = folder.assetcatalog; path = "Preview Assets.xcassets"; sourceTree = "<group>"; };
		9D0E6F71287FCEA100D5275E /* CircleImage.swift */ = {isa = PBXFileReference; lastKnownFileType = sourcecode.swift; path = CircleImage.swift; sourceTree = "<group>"; };
		9D0E6F732880A72B00D5275E /* MapView.swift */ = {isa = PBXFileReference; lastKnownFileType = sourcecode.swift; path = MapView.swift; sourceTree = "<group>"; };
		9D0E6F752880AF9600D5275E /* landmarkData.json */ = {isa = PBXFileReference; fileEncoding = 4; lastKnownFileType = text.json; path = landmarkData.json; sourceTree = "<group>"; };
		9D0E6F772880B02A00D5275E /* Landmark.swift */ = {isa = PBXFileReference; lastKnownFileType = sourcecode.swift; path = Landmark.swift; sourceTree = "<group>"; };
		9D0E6F792880B3E400D5275E /* ModelData.swift */ = {isa = PBXFileReference; lastKnownFileType = sourcecode.swift; path = ModelData.swift; sourceTree = "<group>"; };
		9D0E6F802881012500D5275E /* LandmarkRow.swift */ = {isa = PBXFileReference; lastKnownFileType = sourcecode.swift; path = LandmarkRow.swift; sourceTree = "<group>"; };
		9DB13F0B28810E7F00166906 /* LandmarkList.swift */ = {isa = PBXFileReference; lastKnownFileType = sourcecode.swift; path = LandmarkList.swift; sourceTree = "<group>"; };
		9DB13F0D28811ADF00166906 /* LandmarkDetail.swift */ = {isa = PBXFileReference; lastKnownFileType = sourcecode.swift; path = LandmarkDetail.swift; sourceTree = "<group>"; };
/* End PBXFileReference section */

/* Begin PBXFrameworksBuildPhase section */
		9D0E6F5D287FC71400D5275E /* Frameworks */ = {
			isa = PBXFrameworksBuildPhase;
			buildActionMask = 2147483647;
			files = (
			);
			runOnlyForDeploymentPostprocessing = 0;
		};
/* End PBXFrameworksBuildPhase section */

/* Begin PBXGroup section */
		9D0E6F57287FC71400D5275E = {
			isa = PBXGroup;
			children = (
				9D0E6F62287FC71400D5275E /* StockIndexDaily */,
				9D0E6F61287FC71400D5275E /* Products */,
			);
			sourceTree = "<group>";
		};
		9D0E6F61287FC71400D5275E /* Products */ = {
			isa = PBXGroup;
			children = (
				9D0E6F60287FC71400D5275E /* StockIndexDaily.app */,
			);
			name = Products;
			sourceTree = "<group>";
		};
		9D0E6F62287FC71400D5275E /* StockIndexDaily */ = {
			isa = PBXGroup;
			children = (
				9D0E6F7D2880FF5100D5275E /* Model */,
				9D0E6F7C2880FF3E00D5275E /* Resources */,
				9D0E6F7B2880FF1B00D5275E /* Views */,
				9D0E6F63287FC71400D5275E /* StockIndexDailyApp.swift */,
				9D0E6F67287FC71600D5275E /* Assets.xcassets */,
				9D0E6F69287FC71600D5275E /* Preview Content */,
			);
			path = StockIndexDaily;
			sourceTree = "<group>";
		};
		9D0E6F69287FC71600D5275E /* Preview Content */ = {
			isa = PBXGroup;
			children = (
				9D0E6F6A287FC71600D5275E /* Preview Assets.xcassets */,
			);
			path = "Preview Content";
			sourceTree = "<group>";
		};
		9D0E6F7B2880FF1B00D5275E /* Views */ = {
			isa = PBXGroup;
			children = (
				9D0E6F802881012500D5275E /* LandmarkRow.swift */,
				9DB13F0B28810E7F00166906 /* LandmarkList.swift */,
				9DB13F0D28811ADF00166906 /* LandmarkDetail.swift */,
				9D0E6F65287FC71400D5275E /* ContentView.swift */,
				9D0E6F71287FCEA100D5275E /* CircleImage.swift */,
				9D0E6F732880A72B00D5275E /* MapView.swift */,
			);
			path = Views;
			sourceTree = "<group>";
		};
		9D0E6F7C2880FF3E00D5275E /* Resources */ = {
			isa = PBXGroup;
			children = (
				9D0E6F752880AF9600D5275E /* landmarkData.json */,
			);
			path = Resources;
			sourceTree = "<group>";
		};
		9D0E6F7D2880FF5100D5275E /* Model */ = {
			isa = PBXGroup;
			children = (
				9D0E6F792880B3E400D5275E /* ModelData.swift */,
				9D0E6F772880B02A00D5275E /* Landmark.swift */,
			);
			path = Model;
			sourceTree = "<group>";
		};
/* End PBXGroup section */

/* Begin PBXNativeTarget section */
		9D0E6F5F287FC71400D5275E /* StockIndexDaily */ = {
			isa = PBXNativeTarget;
			buildConfigurationList = 9D0E6F6E287FC71600D5275E /* Build configuration list for PBXNativeTarget "StockIndexDaily" */;
			buildPhases = (
				9D0E6F5C287FC71400D5275E /* Sources */,
				9D0E6F5D287FC71400D5275E /* Frameworks */,
				9D0E6F5E287FC71400D5275E /* Resources */,
			);
			buildRules = (
			);
			dependencies = (
			);
			name = StockIndexDaily;
			productName = StockIndexDaily;
			productReference = 9D0E6F60287FC71400D5275E /* StockIndexDaily.app */;
			productType = "com.apple.product-type.application";
		};
/* End PBXNativeTarget section */

/* Begin PBXProject section */
		9D0E6F58287FC71400D5275E /* Project object */ = {
			isa = PBXProject;
			attributes = {
				BuildIndependentTargetsInParallel = 1;
				LastSwiftUpdateCheck = 1340;
				LastUpgradeCheck = 1340;
				TargetAttributes = {
					9D0E6F5F287FC71400D5275E = {
						CreatedOnToolsVersion = 13.4.1;
					};
				};
			};
			buildConfigurationList = 9D0E6F5B287FC71400D5275E /* Build configuration list for PBXProject "StockIndexDaily" */;
			compatibilityVersion = "Xcode 13.0";
			developmentRegion = en;
			hasScannedForEncodings = 0;
			knownRegions = (
				en,
				Base,
			);
			mainGroup = 9D0E6F57287FC71400D5275E;
			productRefGroup = 9D0E6F61287FC71400D5275E /* Products */;
			projectDirPath = "";
			projectRoot = "";
			targets = (
				9D0E6F5F287FC71400D5275E /* StockIndexDaily */,
			);
		};
/* End PBXProject section */

/* Begin PBXResourcesBuildPhase section */
		9D0E6F5E287FC71400D5275E /* Resources */ = {
			isa = PBXResourcesBuildPhase;
			buildActionMask = 2147483647;
			files = (
				9D0E6F6B287FC71600D5275E /* Preview Assets.xcassets in Resources */,
				9D0E6F68287FC71600D5275E /* Assets.xcassets in Resources */,
				9D0E6F762880AF9600D5275E /* landmarkData.json in Resources */,
			);
			runOnlyForDeploymentPostprocessing = 0;
		};
/* End PBXResourcesBuildPhase section */

/* Begin PBXSourcesBuildPhase section */
		9D0E6F5C287FC71400D5275E /* Sources */ = {
			isa = PBXSourcesBuildPhase;
			buildActionMask = 2147483647;
			files = (
				9D0E6F66287FC71400D5275E /* ContentView.swift in Sources */,
				9D0E6F742880A72B00D5275E /* MapView.swift in Sources */,
				9D0E6F64287FC71400D5275E /* StockIndexDailyApp.swift in Sources */,
				9DB13F0C28810E7F00166906 /* LandmarkList.swift in Sources */,
				9DB13F0E28811ADF00166906 /* LandmarkDetail.swift in Sources */,
				9D0E6F72287FCEA100D5275E /* CircleImage.swift in Sources */,
				9D0E6F782880B02A00D5275E /* Landmark.swift in Sources */,
				9D0E6F812881012500D5275E /* LandmarkRow.swift in Sources */,
				9D0E6F7A2880B3E400D5275E /* ModelData.swift in Sources */,
			);
			runOnlyForDeploymentPostprocessing = 0;
		};
/* End PBXSourcesBuildPhase section */

/* Begin XCBuildConfiguration section */
		9D0E6F6C287FC71600D5275E /* Debug */ = {
			isa = XCBuildConfiguration;
			buildSettings = {
				ALWAYS_SEARCH_USER_PATHS = NO;
				CLANG_ANALYZER_NONNULL = YES;
				CLANG_ANALYZER_NUMBER_OBJECT_CONVERSION = YES_AGGRESSIVE;
				CLANG_CXX_LANGUAGE_STANDARD = "gnu++17";
				CLANG_ENABLE_MODULES = YES;
				CLANG_ENABLE_OBJC_ARC = YES;
				CLANG_ENABLE_OBJC_WEAK = YES;
				CLANG_WARN_BLOCK_CAPTURE_AUTORELEASING = YES;
				CLANG_WARN_BOOL_CONVERSION = YES;
				CLANG_WARN_COMMA = YES;
				CLANG_WARN_CONSTANT_CONVERSION = YES;
				CLANG_WARN_DEPRECATED_OBJC_IMPLEMENTATIONS = YES;
				CLANG_WARN_DIRECT_OBJC_ISA_USAGE = YES_ERROR;
				CLANG_WARN_DOCUMENTATION_COMMENTS = YES;
				CLANG_WARN_EMPTY_BODY = YES;
				CLANG_WARN_ENUM_CONVERSION = YES;
				CLANG_WARN_INFINITE_RECURSION = YES;
				CLANG_WARN_INT_CONVERSION = YES;
				CLANG_WARN_NON_LITERAL_NULL_CONVERSION = YES;
				CLANG_WARN_OBJC_IMPLICIT_RETAIN_SELF = YES;
				CLANG_WARN_OBJC_LITERAL_CONVERSION = YES;
				CLANG_WARN_OBJC_ROOT_CLASS = YES_ERROR;
				CLANG_WARN_QUOTED_INCLUDE_IN_FRAMEWORK_HEADER = YES;
				CLANG_WARN_RANGE_LOOP_ANALYSIS = YES;
				CLANG_WARN_STRICT_PROTOTYPES = YES;
				CLANG_WARN_SUSPICIOUS_MOVE = YES;
				CLANG_WARN_UNGUARDED_AVAILABILITY = YES_AGGRESSIVE;
				CLANG_WARN_UNREACHABLE_CODE = YES;
				CLANG_WARN__DUPLICATE_METHOD_MATCH = YES;
				COPY_PHASE_STRIP = NO;
				DEBUG_INFORMATION_FORMAT = dwarf;
				ENABLE_STRICT_OBJC_MSGSEND = YES;
				ENABLE_TESTABILITY = YES;
				GCC_C_LANGUAGE_STANDARD = gnu11;
				GCC_DYNAMIC_NO_PIC = NO;
				GCC_NO_COMMON_BLOCKS = YES;
				GCC_OPTIMIZATION_LEVEL = 0;
				GCC_PREPROCESSOR_DEFINITIONS = (
					"DEBUG=1",
					"$(inherited)",
				);
				GCC_WARN_64_TO_32_BIT_CONVERSION = YES;
				GCC_WARN_ABOUT_RETURN_TYPE = YES_ERROR;
				GCC_WARN_UNDECLARED_SELECTOR = YES;
				GCC_WARN_UNINITIALIZED_AUTOS = YES_AGGRESSIVE;
				GCC_WARN_UNUSED_FUNCTION = YES;
				GCC_WARN_UNUSED_VARIABLE = YES;
				IPHONEOS_DEPLOYMENT_TARGET = 15.5;
				MTL_ENABLE_DEBUG_INFO = INCLUDE_SOURCE;
				MTL_FAST_MATH = YES;
				ONLY_ACTIVE_ARCH = YES;
				SDKROOT = iphoneos;
				SWIFT_ACTIVE_COMPILATION_CONDITIONS = DEBUG;
				SWIFT_OPTIMIZATION_LEVEL = "-Onone";
			};
			name = Debug;
		};
		9D0E6F6D287FC71600D5275E /* Release */ = {
			isa = XCBuildConfiguration;
			buildSettings = {
				ALWAYS_SEARCH_USER_PATHS = NO;
				CLANG_ANALYZER_NONNULL = YES;
				CLANG_ANALYZER_NUMBER_OBJECT_CONVERSION = YES_AGGRESSIVE;
				CLANG_CXX_LANGUAGE_STANDARD = "gnu++17";
				CLANG_ENABLE_MODULES = YES;
				CLANG_ENABLE_OBJC_ARC = YES;
				CLANG_ENABLE_OBJC_WEAK = YES;
				CLANG_WARN_BLOCK_CAPTURE_AUTORELEASING = YES;
				CLANG_WARN_BOOL_CONVERSION = YES;
				CLANG_WARN_COMMA = YES;
				CLANG_WARN_CONSTANT_CONVERSION = YES;
				CLANG_WARN_DEPRECATED_OBJC_IMPLEMENTATIONS = YES;
				CLANG_WARN_DIRECT_OBJC_ISA_USAGE = YES_ERROR;
				CLANG_WARN_DOCUMENTATION_COMMENTS = YES;
				CLANG_WARN_EMPTY_BODY = YES;
				CLANG_WARN_ENUM_CONVERSION = YES;
				CLANG_WARN_INFINITE_RECURSION = YES;
				CLANG_WARN_INT_CONVERSION = YES;
				CLANG_WARN_NON_LITERAL_NULL_CONVERSION = YES;
				CLANG_WARN_OBJC_IMPLICIT_RETAIN_SELF = YES;
				CLANG_WARN_OBJC_LITERAL_CONVERSION = YES;
				CLANG_WARN_OBJC_ROOT_CLASS = YES_ERROR;
				CLANG_WARN_QUOTED_INCLUDE_IN_FRAMEWORK_HEADER = YES;
				CLANG_WARN_RANGE_LOOP_ANALYSIS = YES;
				CLANG_WARN_STRICT_PROTOTYPES = YES;
				CLANG_WARN_SUSPICIOUS_MOVE = YES;
				CLANG_WARN_UNGUARDED_AVAILABILITY = YES_AGGRESSIVE;
				CLANG_WARN_UNREACHABLE_CODE = YES;
				CLANG_WARN__DUPLICATE_METHOD_MATCH = YES;
				COPY_PHASE_STRIP = NO;
				DEBUG_INFORMATION_FORMAT = "dwarf-with-dsym";
				ENABLE_NS_ASSERTIONS = NO;
				ENABLE_STRICT_OBJC_MSGSEND = YES;
				GCC_C_LANGUAGE_STANDARD = gnu11;
				GCC_NO_COMMON_BLOCKS = YES;
				GCC_WARN_64_TO_32_BIT_CONVERSION = YES;
				GCC_WARN_ABOUT_RETURN_TYPE = YES_ERROR;
				GCC_WARN_UNDECLARED_SELECTOR = YES;
				GCC_WARN_UNINITIALIZED_AUTOS = YES_AGGRESSIVE;
				GCC_WARN_UNUSED_FUNCTION = YES;
				GCC_WARN_UNUSED_VARIABLE = YES;
				IPHONEOS_DEPLOYMENT_TARGET = 15.5;
				MTL_ENABLE_DEBUG_INFO = NO;
				MTL_FAST_MATH = YES;
				SDKROOT = iphoneos;
				SWIFT_COMPILATION_MODE = wholemodule;
				SWIFT_OPTIMIZATION_LEVEL = "-O";
				VALIDATE_PRODUCT = YES;
			};
			name = Release;
		};
		9D0E6F6F287FC71600D5275E /* Debug */ = {
			isa = XCBuildConfiguration;
			buildSettings = {
				ASSETCATALOG_COMPILER_APPICON_NAME = AppIcon;
				ASSETCATALOG_COMPILER_GLOBAL_ACCENT_COLOR_NAME = AccentColor;
				CODE_SIGN_STYLE = Automatic;
				CURRENT_PROJECT_VERSION = 1;
				DEVELOPMENT_ASSET_PATHS = "\"StockIndexDaily/Preview Content\"";
				DEVELOPMENT_TEAM = C97M689U9U;
				ENABLE_PREVIEWS = YES;
				GENERATE_INFOPLIST_FILE = YES;
				INFOPLIST_KEY_UIApplicationSceneManifest_Generation = YES;
				INFOPLIST_KEY_UIApplicationSupportsIndirectInputEvents = YES;
				INFOPLIST_KEY_UILaunchScreen_Generation = YES;
				INFOPLIST_KEY_UISupportedInterfaceOrientations_iPad = "UIInterfaceOrientationPortrait UIInterfaceOrientationPortraitUpsideDown UIInterfaceOrientationLandscapeLeft UIInterfaceOrientationLandscapeRight";
				INFOPLIST_KEY_UISupportedInterfaceOrientations_iPhone = "UIInterfaceOrientationPortrait UIInterfaceOrientationLandscapeLeft UIInterfaceOrientationLandscapeRight";
				LD_RUNPATH_SEARCH_PATHS = (
					"$(inherited)",
					"@executable_path/Frameworks",
				);
				MARKETING_VERSION = 1.0;
				PRODUCT_BUNDLE_IDENTIFIER = com.jacky.StockIndexDaily;
				PRODUCT_NAME = "$(TARGET_NAME)";
				SWIFT_EMIT_LOC_STRINGS = YES;
				SWIFT_VERSION = 5.0;
				TARGETED_DEVICE_FAMILY = "1,2";
			};
			name = Debug;
		};
		9D0E6F70287FC71600D5275E /* Release */ = {
			isa = XCBuildConfiguration;
			buildSettings = {
				ASSETCATALOG_COMPILER_APPICON_NAME = AppIcon;
				ASSETCATALOG_COMPILER_GLOBAL_ACCENT_COLOR_NAME = AccentColor;
				CODE_SIGN_STYLE = Automatic;
				CURRENT_PROJECT_VERSION = 1;
				DEVELOPMENT_ASSET_PATHS = "\"StockIndexDaily/Preview Content\"";
				DEVELOPMENT_TEAM = C97M689U9U;
				ENABLE_PREVIEWS = YES;
				GENERATE_INFOPLIST_FILE = YES;
				INFOPLIST_KEY_UIApplicationSceneManifest_Generation = YES;
				INFOPLIST_KEY_UIApplicationSupportsIndirectInputEvents = YES;
				INFOPLIST_KEY_UILaunchScreen_Generation = YES;
				INFOPLIST_KEY_UISupportedInterfaceOrientations_iPad = "UIInterfaceOrientationPortrait UIInterfaceOrientationPortraitUpsideDown UIInterfaceOrientationLandscapeLeft UIInterfaceOrientationLandscapeRight";
				INFOPLIST_KEY_UISupportedInterfaceOrientations_iPhone = "UIInterfaceOrientationPortrait UIInterfaceOrientationLandscapeLeft UIInterfaceOrientationLandscapeRight";
				LD_RUNPATH_SEARCH_PATHS = (
					"$(inherited)",
					"@executable_path/Frameworks",
				);
				MARKETING_VERSION = 1.0;
				PRODUCT_BUNDLE_IDENTIFIER = com.jacky.StockIndexDaily;
				PRODUCT_NAME = "$(TARGET_NAME)";
				SWIFT_EMIT_LOC_STRINGS = YES;
				SWIFT_VERSION = 5.0;
				TARGETED_DEVICE_FAMILY = "1,2";
			};
			name = Release;
		};
/* End XCBuildConfiguration section */

/* Begin XCConfigurationList section */
		9D0E6F5B287FC71400D5275E /* Build configuration list for PBXProject "StockIndexDaily" */ = {
			isa = XCConfigurationList;
			buildConfigurations = (
				9D0E6F6C287FC71600D5275E /* Debug */,
				9D0E6F6D287FC71600D5275E /* Release */,
			);
			defaultConfigurationIsVisible = 0;
			defaultConfigurationName = Release;
		};
		9D0E6F6E287FC71600D5275E /* Build configuration list for PBXNativeTarget "StockIndexDaily" */ = {
			isa = XCConfigurationList;
			buildConfigurations = (
				9D0E6F6F287FC71600D5275E /* Debug */,
				9D0E6F70287FC71600D5275E /* Release */,
			);
			defaultConfigurationIsVisible = 0;
			defaultConfigurationName = Release;
		};
/* End XCConfigurationList section */
	};
	rootObject = 9D0E6F58287FC71400D5275E /* Project object */;
}
